
Microsoft Visual Studio Solution File, Format Version 12.00
# Visual Studio Version 17
VisualStudioVersion = 17.9.34723.18
MinimumVisualStudioVersion = 10.0.40219.1
Project("{FAE04EC0-301F-11D3-BF4B-00C04F79EFBC}") = "GreenAcademyProject", "GreenAcademyProject\GreenAcademyProject.csproj", "{84C77E27-25A5-4E28-A518-F0DCB5031D05}"
EndProject
Global
	GlobalSection(SolutionConfigurationPlatforms) = preSolution
		Debug|Any CPU = Debug|Any CPU
		Release|Any CPU = Release|Any CPU
	EndGlobalSection
	GlobalSection(ProjectConfigurationPlatforms) = postSolution
		{84C77E27-25A5-4E28-A518-F0DCB5031D05}.Debug|Any CPU.ActiveCfg = Debug|Any CPU
		{84C77E27-25A5-4E28-A518-F0DCB5031D05}.Debug|Any CPU.Build.0 = Debug|Any CPU
		{84C77E27-25A5-4E28-A518-F0DCB5031D05}.Release|Any CPU.ActiveCfg = Release|Any CPU
		{84C77E27-25A5-4E28-A518-F0DCB5031D05}.Release|Any CPU.Build.0 = Release|Any CPU
	EndGlobalSection
	GlobalSection(SolutionProperties) = preSolution
		HideSolutionNode = FALSE
	EndGlobalSection
	GlobalSection(ExtensibilityGlobals) = postSolution
		SolutionGuid = {55D03FBB-400F-43A0-831F-014FFA2885C9}
	EndGlobalSection
EndGlobal
